
Microsoft Visual Studio Solution File, Format Version 12.00
# Visual Studio 15
VisualStudioVersion = 15.0.28307.168
MinimumVisualStudioVersion = 10.0.40219.1
Project("{FAE04EC0-301F-11D3-BF4B-00C04F79EFBC}") = "Lesson4", "Lesson4\Lesson4.csproj", "{2774C1AF-B6DC-4203-A5FE-3FAE239F6482}"
EndProject
Project("{FAE04EC0-301F-11D3-BF4B-00C04F79EFBC}") = "TheTask1", "TheTask1\TheTask1.csproj", "{BC91B4C4-DC39-43A5-9044-453538D1788B}"
EndProject
Project("{FAE04EC0-301F-11D3-BF4B-00C04F79EFBC}") = "TheTask2", "TheTask2\TheTask2.csproj", "{57F0D501-6A20-4ADB-A265-6B61586F263C}"
EndProject
Global
	GlobalSection(SolutionConfigurationPlatforms) = preSolution
		Debug|Any CPU = Debug|Any CPU
		Release|Any CPU = Release|Any CPU
	EndGlobalSection
	GlobalSection(ProjectConfigurationPlatforms) = postSolution
		{2774C1AF-B6DC-4203-A5FE-3FAE239F6482}.Debug|Any CPU.ActiveCfg = Debug|Any CPU
		{2774C1AF-B6DC-4203-A5FE-3FAE239F6482}.Debug|Any CPU.Build.0 = Debug|Any CPU
		{2774C1AF-B6DC-4203-A5FE-3FAE239F6482}.Release|Any CPU.ActiveCfg = Release|Any CPU
		{2774C1AF-B6DC-4203-A5FE-3FAE239F6482}.Release|Any CPU.Build.0 = Release|Any CPU
		{BC91B4C4-DC39-43A5-9044-453538D1788B}.Debug|Any CPU.ActiveCfg = Debug|Any CPU
		{BC91B4C4-DC39-43A5-9044-453538D1788B}.Debug|Any CPU.Build.0 = Debug|Any CPU
		{BC91B4C4-DC39-43A5-9044-453538D1788B}.Release|Any CPU.ActiveCfg = Release|Any CPU
		{BC91B4C4-DC39-43A5-9044-453538D1788B}.Release|Any CPU.Build.0 = Release|Any CPU
		{57F0D501-6A20-4ADB-A265-6B61586F263C}.Debug|Any CPU.ActiveCfg = Debug|Any CPU
		{57F0D501-6A20-4ADB-A265-6B61586F263C}.Debug|Any CPU.Build.0 = Debug|Any CPU
		{57F0D501-6A20-4ADB-A265-6B61586F263C}.Release|Any CPU.ActiveCfg = Release|Any CPU
		{57F0D501-6A20-4ADB-A265-6B61586F263C}.Release|Any CPU.Build.0 = Release|Any CPU
	EndGlobalSection
	GlobalSection(SolutionProperties) = preSolution
		HideSolutionNode = FALSE
	EndGlobalSection
	GlobalSection(ExtensibilityGlobals) = postSolution
		SolutionGuid = {3926D902-9867-4238-ABC0-13664E7315E9}
	EndGlobalSection
EndGlobal
